<?xml version="1.0" encoding="utf-8"?>
<Project ToolsVersion="4.0" xmlns="http://schemas.microsoft.com/developer/msbuild/2003">
  <ItemGroup>
    <ClCompile Include="Test.cpp" />
    <ClCompile Include="Application.cpp">
      <Filter>src</Filter>
    </ClCompile>
  </ItemGroup>
  <ItemGroup>
    <ClInclude Include="Test.h" />
    <ClInclude Include="Application.h">
      <Filter>src</Filter>
    </ClInclude>
    <ClInclude Include="Core.h">
      <Filter>src</Filter>
    </ClInclude>
    <ClInclude Include="gengine.h">
      <Filter>src</Filter>
    </ClInclude>
    <ClInclude Include="EntryPoint.h">
      <Filter>src</Filter>
    </ClInclude>
  </ItemGroup>
  <ItemGroup>
    <Filter Include="src">
      <UniqueIdentifier>{61fb08c2-cb86-4196-8a2a-87ea0524f40a}</UniqueIdentifier>
    </Filter>
  </ItemGroup>
</Project>