<?xml version="1.0" encoding="utf-8"?>
<Project ToolsVersion="4.0" xmlns="http://schemas.microsoft.com/developer/msbuild/2003">
  <ItemGroup>
    <Filter Include="GEngine">
      <UniqueIdentifier>{023A1B06-6E19-9AA1-7731-2578E38F0003}</UniqueIdentifier>
    </Filter>
    <Filter Include="GEngine\Events">
      <UniqueIdentifier>{A64FEF47-921D-E34D-7BB1-5374671EBFB2}</UniqueIdentifier>
    </Filter>
    <Filter Include="Platform">
      <UniqueIdentifier>{2AC788B4-1694-E3BF-3FAD-D1672BD9184E}</UniqueIdentifier>
    </Filter>
  </ItemGroup>
  <ItemGroup>
    <ClInclude Include="scr\GEngine\Application.h">
      <Filter>GEngine</Filter>
    </ClInclude>
    <ClInclude Include="scr\GEngine\Core.h">
      <Filter>GEngine</Filter>
    </ClInclude>
    <ClInclude Include="scr\GEngine\EntryPoint.h">
      <Filter>GEngine</Filter>
    </ClInclude>
    <ClInclude Include="scr\GEngine\Events\ApplicationEvnet.h">
      <Filter>GEngine\Events</Filter>
    </ClInclude>
    <ClInclude Include="scr\GEngine\Events\Event.h">
      <Filter>GEngine\Events</Filter>
    </ClInclude>
    <ClInclude Include="scr\GEngine\Events\KeyEvent.h">
      <Filter>GEngine\Events</Filter>
    </ClInclude>
    <ClInclude Include="scr\GEngine\Events\MouseEvent.h">
      <Filter>GEngine\Events</Filter>
    </ClInclude>
    <ClInclude Include="scr\GEngine\Log.h">
      <Filter>GEngine</Filter>
    </ClInclude>
    <ClInclude Include="scr\GEngine\Window.h">
      <Filter>GEngine</Filter>
    </ClInclude>
    <ClInclude Include="scr\Platform\WindowsWindow.h">
      <Filter>Platform</Filter>
    </ClInclude>
    <ClInclude Include="scr\gengine.h" />
    <ClInclude Include="scr\gepch.h" />
  </ItemGroup>
  <ItemGroup>
    <ClCompile Include="scr\GEngine\Application.cpp">
      <Filter>GEngine</Filter>
    </ClCompile>
    <ClCompile Include="scr\GEngine\Log.cpp">
      <Filter>GEngine</Filter>
    </ClCompile>
    <ClCompile Include="scr\Platform\WindowsWindow.cpp">
      <Filter>Platform</Filter>
    </ClCompile>
    <ClCompile Include="scr\gepch.cpp" />
  </ItemGroup>
</Project>